
Microsoft Visual Studio Solution File, Format Version 12.00
# Visual Studio Version 16
VisualStudioVersion = 16.0.29721.120
MinimumVisualStudioVersion = 10.0.40219.1
Project("{9A19103F-16F7-4668-BE54-9A1E7A4F7556}") = "test-console", "test-console.csproj", "{8EBF27DA-B412-4B5C-8835-BDA0C06D545F}"
EndProject
Project("{9A19103F-16F7-4668-BE54-9A1E7A4F7556}") = "GreetingLib", "libs\GreetingLib\GreetingLib.csproj", "{138CE262-5DF3-47EA-B430-E82F049416F8}"
EndProject
Project("{FAE04EC0-301F-11D3-BF4B-00C04F79EFBC}") = "ConsoleTests", "ConsoleTests\ConsoleTests.csproj", "{539442C1-796F-4B48-8761-FCA40D3ADF0B}"
EndProject
Project("{FAE04EC0-301F-11D3-BF4B-00C04F79EFBC}") = "XUnitTests", "XUnitTests\XUnitTests.csproj", "{2C1F4868-4DB3-4858-B0B0-2437F511CDCC}"
EndProject
Global
	GlobalSection(SolutionConfigurationPlatforms) = preSolution
		Debug|Any CPU = Debug|Any CPU
		Release|Any CPU = Release|Any CPU
	EndGlobalSection
	GlobalSection(ProjectConfigurationPlatforms) = postSolution
		{8EBF27DA-B412-4B5C-8835-BDA0C06D545F}.Debug|Any CPU.ActiveCfg = Debug|Any CPU
		{8EBF27DA-B412-4B5C-8835-BDA0C06D545F}.Debug|Any CPU.Build.0 = Debug|Any CPU
		{8EBF27DA-B412-4B5C-8835-BDA0C06D545F}.Release|Any CPU.ActiveCfg = Release|Any CPU
		{8EBF27DA-B412-4B5C-8835-BDA0C06D545F}.Release|Any CPU.Build.0 = Release|Any CPU
		{138CE262-5DF3-47EA-B430-E82F049416F8}.Debug|Any CPU.ActiveCfg = Debug|Any CPU
		{138CE262-5DF3-47EA-B430-E82F049416F8}.Debug|Any CPU.Build.0 = Debug|Any CPU
		{138CE262-5DF3-47EA-B430-E82F049416F8}.Release|Any CPU.ActiveCfg = Release|Any CPU
		{138CE262-5DF3-47EA-B430-E82F049416F8}.Release|Any CPU.Build.0 = Release|Any CPU
		{539442C1-796F-4B48-8761-FCA40D3ADF0B}.Debug|Any CPU.ActiveCfg = Debug|Any CPU
		{539442C1-796F-4B48-8761-FCA40D3ADF0B}.Debug|Any CPU.Build.0 = Debug|Any CPU
		{539442C1-796F-4B48-8761-FCA40D3ADF0B}.Release|Any CPU.ActiveCfg = Release|Any CPU
		{539442C1-796F-4B48-8761-FCA40D3ADF0B}.Release|Any CPU.Build.0 = Release|Any CPU
		{2C1F4868-4DB3-4858-B0B0-2437F511CDCC}.Debug|Any CPU.ActiveCfg = Debug|Any CPU
		{2C1F4868-4DB3-4858-B0B0-2437F511CDCC}.Debug|Any CPU.Build.0 = Debug|Any CPU
		{2C1F4868-4DB3-4858-B0B0-2437F511CDCC}.Release|Any CPU.ActiveCfg = Release|Any CPU
		{2C1F4868-4DB3-4858-B0B0-2437F511CDCC}.Release|Any CPU.Build.0 = Release|Any CPU
	EndGlobalSection
	GlobalSection(SolutionProperties) = preSolution
		HideSolutionNode = FALSE
	EndGlobalSection
	GlobalSection(ExtensibilityGlobals) = postSolution
		SolutionGuid = {E7B451EB-1320-4B90-9EBC-B212373A27A5}
	EndGlobalSection
EndGlobal
